// !$*UTF8*$!
{
	archiveVersion = 1;
	classes = {
	};
	objectVersion = 46;
	objects = {

/* Begin PBXBuildFile section */
		DCA4463F1B106DBB0051F1E4 /* main.m in Sources */ = {isa = PBXBuildFile; fileRef = DCA4463E1B106DBB0051F1E4 /* main.m */; };
		DCA446421B106DBB0051F1E4 /* AppDelegate.m in Sources */ = {isa = PBXBuildFile; fileRef = DCA446411B106DBB0051F1E4 /* AppDelegate.m */; };
		DCA446451B106DBB0051F1E4 /* ViewController.m in Sources */ = {isa = PBXBuildFile; fileRef = DCA446441B106DBB0051F1E4 /* ViewController.m */; };
		DCA446481B106DBB0051F1E4 /* Main.storyboard in Resources */ = {isa = PBXBuildFile; fileRef = DCA446461B106DBB0051F1E4 /* Main.storyboard */; };
		DCA4464A1B106DBB0051F1E4 /* Images.xcassets in Resources */ = {isa = PBXBuildFile; fileRef = DCA446491B106DBB0051F1E4 /* Images.xcassets */; };
		DCA4464D1B106DBB0051F1E4 /* LaunchScreen.xib in Resources */ = {isa = PBXBuildFile; fileRef = DCA4464B1B106DBB0051F1E4 /* LaunchScreen.xib */; };
		DCA446591B106DBB0051F1E4 /* RemioBetaTests.m in Sources */ = {isa = PBXBuildFile; fileRef = DCA446581B106DBB0051F1E4 /* RemioBetaTests.m */; };
		DCA4466D1B106F1C0051F1E4 /* BLEDevice.m in Sources */ = {isa = PBXBuildFile; fileRef = DCA446661B106F1C0051F1E4 /* BLEDevice.m */; };
		DCA4466E1B106F1C0051F1E4 /* BLEUtility.m in Sources */ = {isa = PBXBuildFile; fileRef = DCA446681B106F1C0051F1E4 /* BLEUtility.m */; };
		DCA4466F1B106F1C0051F1E4 /* DFBlunoDevice.m in Sources */ = {isa = PBXBuildFile; fileRef = DCA4466A1B106F1C0051F1E4 /* DFBlunoDevice.m */; };
		DCA446701B106F1C0051F1E4 /* DFBlunoManager.m in Sources */ = {isa = PBXBuildFile; fileRef = DCA4466C1B106F1C0051F1E4 /* DFBlunoManager.m */; };
		DCA446761B1071340051F1E4 /* CoreBluetooth.framework in Frameworks */ = {isa = PBXBuildFile; fileRef = DCA446751B1071340051F1E4 /* CoreBluetooth.framework */; };
		DCA446781B10713A0051F1E4 /* AVFoundation.framework in Frameworks */ = {isa = PBXBuildFile; fileRef = DCA446771B10713A0051F1E4 /* AVFoundation.framework */; };
		DCA4467C1B1071FF0051F1E4 /* AudioEngine.m in Sources */ = {isa = PBXBuildFile; fileRef = DCA4467B1B1071FF0051F1E4 /* AudioEngine.m */; };
		DCA446D91B10D7E30051F1E4 /* iTunesArtwork@2x.png in Resources */ = {isa = PBXBuildFile; fileRef = DCA4467F1B10D7E30051F1E4 /* iTunesArtwork@2x.png */; };
		DCA446DA1B10D7E30051F1E4 /* headphone1.png in Resources */ = {isa = PBXBuildFile; fileRef = DCA446811B10D7E30051F1E4 /* headphone1.png */; };
		DCA446DC1B10D7E30051F1E4 /* p10.png in Resources */ = {isa = PBXBuildFile; fileRef = DCA446841B10D7E30051F1E4 /* p10.png */; };
		DCA446DF1B10D7E30051F1E4 /* headphone2.png in Resources */ = {isa = PBXBuildFile; fileRef = DCA446881B10D7E30051F1E4 /* headphone2.png */; };
		DCA446E01B10D7E30051F1E4 /* headphone3.png in Resources */ = {isa = PBXBuildFile; fileRef = DCA4468A1B10D7E30051F1E4 /* headphone3.png */; };
		DCA446E21B10D7E30051F1E4 /* p11.png in Resources */ = {isa = PBXBuildFile; fileRef = DCA4468C1B10D7E30051F1E4 /* p11.png */; };
		DCA446E31B10D7E30051F1E4 /* p12.png in Resources */ = {isa = PBXBuildFile; fileRef = DCA4468D1B10D7E30051F1E4 /* p12.png */; };
		DCA446E51B10D7E30051F1E4 /* z3.png in Resources */ = {isa = PBXBuildFile; fileRef = DCA4468F1B10D7E30051F1E4 /* z3.png */; };
		DCA446E61B10D7E30051F1E4 /* p4.png in Resources */ = {isa = PBXBuildFile; fileRef = DCA446911B10D7E30051F1E4 /* p4.png */; };
		DCA446E71B10D7E30051F1E4 /* page4.png in Resources */ = {isa = PBXBuildFile; fileRef = DCA446921B10D7E30051F1E4 /* page4.png */; };
		DCA446E91B10D7E30051F1E4 /* p12.png in Resources */ = {isa = PBXBuildFile; fileRef = DCA446951B10D7E30051F1E4 /* p12.png */; };
		DCA446EB1B10D7E30051F1E4 /* p51.png in Resources */ = {isa = PBXBuildFile; fileRef = DCA446971B10D7E30051F1E4 /* p51.png */; };
		DCA446EF1B10D7E30051F1E4 /* p12.png in Resources */ = {isa = PBXBuildFile; fileRef = DCA4469C1B10D7E30051F1E4 /* p12.png */; };
		DCA446F01B10D7E30051F1E4 /* p51.png in Resources */ = {isa = PBXBuildFile; fileRef = DCA4469D1B10D7E30051F1E4 /* p51.png */; };
		DCA446F21B10D7E30051F1E4 /* z1.png in Resources */ = {isa = PBXBuildFile; fileRef = DCA4469F1B10D7E30051F1E4 /* z1.png */; };
		DCA446F51B10D7E30051F1E4 /* p12.png in Resources */ = {isa = PBXBuildFile; fileRef = DCA446A31B10D7E30051F1E4 /* p12.png */; };
		DCA446F61B10D7E30051F1E4 /* p51.png in Resources */ = {isa = PBXBuildFile; fileRef = DCA446A41B10D7E30051F1E4 /* p51.png */; };
		DCA446FA1B10D7E30051F1E4 /* logoro-01.png in Resources */ = {isa = PBXBuildFile; fileRef = DCA446A91B10D7E30051F1E4 /* logoro-01.png */; };
		DCA446FB1B10D7E30051F1E4 /* p12.png in Resources */ = {isa = PBXBuildFile; fileRef = DCA446AA1B10D7E30051F1E4 /* p12.png */; };
		DCA446FC1B10D7E30051F1E4 /* p51.png in Resources */ = {isa = PBXBuildFile; fileRef = DCA446AB1B10D7E30051F1E4 /* p51.png */; };
		DCA447001B10D7E30051F1E4 /* 未标题-2.png in Resources */ = {isa = PBXBuildFile; fileRef = DCA446AF1B10D7E30051F1E4 /* 未标题-2.png */; };
		DCA447021B10D7E30051F1E4 /* p9.png in Resources */ = {isa = PBXBuildFile; fileRef = DCA446B21B10D7E30051F1E4 /* p9.png */; };
		DCA447051B10D7E30051F1E4 /* m1.mp3 in Resources */ = {isa = PBXBuildFile; fileRef = DCA446B71B10D7E30051F1E4 /* m1.mp3 */; };
		DCA447061B10D7E30051F1E4 /* m2.mp3 in Resources */ = {isa = PBXBuildFile; fileRef = DCA446B81B10D7E30051F1E4 /* m2.mp3 */; };
		DCA447071B10D7E30051F1E4 /* m3.mp3 in Resources */ = {isa = PBXBuildFile; fileRef = DCA446B91B10D7E30051F1E4 /* m3.mp3 */; };
		DCA447081B10D7E30051F1E4 /* m4.mp3 in Resources */ = {isa = PBXBuildFile; fileRef = DCA446BA1B10D7E30051F1E4 /* m4.mp3 */; };
		DCA447091B10D7E30051F1E4 /* m5.mp3 in Resources */ = {isa = PBXBuildFile; fileRef = DCA446BB1B10D7E30051F1E4 /* m5.mp3 */; };
		DCA4470A1B10D7E30051F1E4 /* m6.mp3 in Resources */ = {isa = PBXBuildFile; fileRef = DCA446BC1B10D7E30051F1E4 /* m6.mp3 */; };
		DCA4470B1B10D7E30051F1E4 /* m7.mp3 in Resources */ = {isa = PBXBuildFile; fileRef = DCA446BD1B10D7E30051F1E4 /* m7.mp3 */; };
		DCA4470C1B10D7E30051F1E4 /* m8.mp3 in Resources */ = {isa = PBXBuildFile; fileRef = DCA446BE1B10D7E30051F1E4 /* m8.mp3 */; };
		DCA447151B10D7E30051F1E4 /* L1.mp3 in Resources */ = {isa = PBXBuildFile; fileRef = DCA446C91B10D7E30051F1E4 /* L1.mp3 */; };
		DCA447161B10D7E30051F1E4 /* L2.mp3 in Resources */ = {isa = PBXBuildFile; fileRef = DCA446CA1B10D7E30051F1E4 /* L2.mp3 */; };
		DCA447171B10D7E30051F1E4 /* L3.mp3 in Resources */ = {isa = PBXBuildFile; fileRef = DCA446CB1B10D7E30051F1E4 /* L3.mp3 */; };
		DCA447181B10D7E30051F1E4 /* L4.mp3 in Resources */ = {isa = PBXBuildFile; fileRef = DCA446CC1B10D7E30051F1E4 /* L4.mp3 */; };
		DCA447191B10D7E30051F1E4 /* pL1.png in Resources */ = {isa = PBXBuildFile; fileRef = DCA446CD1B10D7E30051F1E4 /* pL1.png */; };
		DCA4471A1B10D7E30051F1E4 /* pL2.png in Resources */ = {isa = PBXBuildFile; fileRef = DCA446CE1B10D7E30051F1E4 /* pL2.png */; };
		DCA4471B1B10D7E30051F1E4 /* pL3.png in Resources */ = {isa = PBXBuildFile; fileRef = DCA446CF1B10D7E30051F1E4 /* pL3.png */; };
		DCA4471C1B10D7E30051F1E4 /* pL4.png in Resources */ = {isa = PBXBuildFile; fileRef = DCA446D01B10D7E30051F1E4 /* pL4.png */; };
		DCA4471D1B10D7E30051F1E4 /* pR1.png in Resources */ = {isa = PBXBuildFile; fileRef = DCA446D11B10D7E30051F1E4 /* pR1.png */; };
		DCA4471E1B10D7E30051F1E4 /* pR2.png in Resources */ = {isa = PBXBuildFile; fileRef = DCA446D21B10D7E30051F1E4 /* pR2.png */; };
		DCA4471F1B10D7E30051F1E4 /* pR3.png in Resources */ = {isa = PBXBuildFile; fileRef = DCA446D31B10D7E30051F1E4 /* pR3.png */; };
		DCA447201B10D7E30051F1E4 /* pR4.png in Resources */ = {isa = PBXBuildFile; fileRef = DCA446D41B10D7E30051F1E4 /* pR4.png */; };
		DCA447211B10D7E30051F1E4 /* R1.mp3 in Resources */ = {isa = PBXBuildFile; fileRef = DCA446D51B10D7E30051F1E4 /* R1.mp3 */; };
		DCA447221B10D7E30051F1E4 /* R2.mp3 in Resources */ = {isa = PBXBuildFile; fileRef = DCA446D61B10D7E30051F1E4 /* R2.mp3 */; };
		DCA447231B10D7E30051F1E4 /* R3.mp3 in Resources */ = {isa = PBXBuildFile; fileRef = DCA446D71B10D7E30051F1E4 /* R3.mp3 */; };
		DCA447241B10D7E30051F1E4 /* R4.mp3 in Resources */ = {isa = PBXBuildFile; fileRef = DCA446D81B10D7E30051F1E4 /* R4.mp3 */; };
		DCA447261B10DD030051F1E4 /* guitdo.wav in Resources */ = {isa = PBXBuildFile; fileRef = DCA447251B10DD030051F1E4 /* guitdo.wav */; };
		DCA4472C1B11995E0051F1E4 /* Pause 2.png in Resources */ = {isa = PBXBuildFile; fileRef = DCA447291B11995E0051F1E4 /* Pause 2.png */; };
		DCA4472D1B11995E0051F1E4 /* Play 2.png in Resources */ = {isa = PBXBuildFile; fileRef = DCA4472A1B11995E0051F1E4 /* Play 2.png */; };
		DCA4472E1B11995E0051F1E4 /* Vinyl 2.png in Resources */ = {isa = PBXBuildFile; fileRef = DCA4472B1B11995E0051F1E4 /* Vinyl 2.png */; };
		DCA4474B1B11B0260051F1E4 /* ap1.png in Resources */ = {isa = PBXBuildFile; fileRef = DCA447431B11B0250051F1E4 /* ap1.png */; };
		DCA4474C1B11B0260051F1E4 /* ap2.png in Resources */ = {isa = PBXBuildFile; fileRef = DCA447441B11B0250051F1E4 /* ap2.png */; };
		DCA4474D1B11B0260051F1E4 /* ap3.png in Resources */ = {isa = PBXBuildFile; fileRef = DCA447451B11B0250051F1E4 /* ap3.png */; };
		DCA4474E1B11B0260051F1E4 /* ap4.png in Resources */ = {isa = PBXBuildFile; fileRef = DCA447461B11B0250051F1E4 /* ap4.png */; };
		DCA4474F1B11B0260051F1E4 /* ap5.png in Resources */ = {isa = PBXBuildFile; fileRef = DCA447471B11B0250051F1E4 /* ap5.png */; };
		DCA447501B11B0260051F1E4 /* ap6.png in Resources */ = {isa = PBXBuildFile; fileRef = DCA447481B11B0250051F1E4 /* ap6.png */; };
		DCA447511B11B0260051F1E4 /* ap7.png in Resources */ = {isa = PBXBuildFile; fileRef = DCA447491B11B0250051F1E4 /* ap7.png */; };
		DCA447521B11B0260051F1E4 /* ap8.png in Resources */ = {isa = PBXBuildFile; fileRef = DCA4474A1B11B0260051F1E4 /* ap8.png */; };
		DCA447561B11B28E0051F1E4 /* np5.png in Resources */ = {isa = PBXBuildFile; fileRef = DCA447551B11B28E0051F1E4 /* np5.png */; };
		DCA447581B11BA6B0051F1E4 /* page8p8.png in Resources */ = {isa = PBXBuildFile; fileRef = DCA447571B11BA6B0051F1E4 /* page8p8.png */; };
		DCA4475A1B11BB0C0051F1E4 /* page7p7.png in Resources */ = {isa = PBXBuildFile; fileRef = DCA447591B11BB0C0051F1E4 /* page7p7.png */; };
		DCA4475C1B11BC740051F1E4 /* page6p6.png in Resources */ = {isa = PBXBuildFile; fileRef = DCA4475B1B11BC740051F1E4 /* page6p6.png */; };
		DCA447601B11C1F40051F1E4 /* JZDragView.m in Sources */ = {isa = PBXBuildFile; fileRef = DCA4475F1B11C1F40051F1E4 /* JZDragView.m */; };
		DCA4480B1B11CA7B0051F1E4 /* pagep9.png in Resources */ = {isa = PBXBuildFile; fileRef = DCA4480A1B11CA7B0051F1E4 /* pagep9.png */; };
		DCA448151B11D1110051F1E4 /* bass_guitar1.wav in Resources */ = {isa = PBXBuildFile; fileRef = DCA4480D1B11D1110051F1E4 /* bass_guitar1.wav */; };
		DCA448161B11D1110051F1E4 /* bass_guitar2.wav in Resources */ = {isa = PBXBuildFile; fileRef = DCA4480E1B11D1110051F1E4 /* bass_guitar2.wav */; };
		DCA448171B11D1110051F1E4 /* bass_guitar3.wav in Resources */ = {isa = PBXBuildFile; fileRef = DCA4480F1B11D1110051F1E4 /* bass_guitar3.wav */; };
		DCA448181B11D1110051F1E4 /* bass_guitar4.wav in Resources */ = {isa = PBXBuildFile; fileRef = DCA448101B11D1110051F1E4 /* bass_guitar4.wav */; };
		DCA448191B11D1110051F1E4 /* electric_guitar1.wav in Resources */ = {isa = PBXBuildFile; fileRef = DCA448111B11D1110051F1E4 /* electric_guitar1.wav */; };
		DCA4481A1B11D1110051F1E4 /* electric_guitar2.wav in Resources */ = {isa = PBXBuildFile; fileRef = DCA448121B11D1110051F1E4 /* electric_guitar2.wav */; };
		DCA4481B1B11D1110051F1E4 /* electric_guitar3.wav in Resources */ = {isa = PBXBuildFile; fileRef = DCA448131B11D1110051F1E4 /* electric_guitar3.wav */; };
		DCA4481C1B11D1110051F1E4 /* electric_guitar4.wav in Resources */ = {isa = PBXBuildFile; fileRef = DCA448141B11D1110051F1E4 /* electric_guitar4.wav */; };
/* End PBXBuildFile section */

/* Begin PBXContainerItemProxy section */
		DCA446531B106DBB0051F1E4 /* PBXContainerItemProxy */ = {
			isa = PBXContainerItemProxy;
			containerPortal = DCA446311B106DBB0051F1E4 /* Project object */;
			proxyType = 1;
			remoteGlobalIDString = DCA446381B106DBB0051F1E4;
			remoteInfo = RemioBeta;
		};
/* End PBXContainerItemProxy section */

/* Begin PBXFileReference section */
		DCA446391B106DBB0051F1E4 /* RemioBeta.app */ = {isa = PBXFileReference; explicitFileType = wrapper.application; includeInIndex = 0; path = RemioBeta.app; sourceTree = BUILT_PRODUCTS_DIR; };
		DCA4463D1B106DBB0051F1E4 /* Info.plist */ = {isa = PBXFileReference; lastKnownFileType = text.plist.xml; path = Info.plist; sourceTree = "<group>"; };
		DCA4463E1B106DBB0051F1E4 /* main.m */ = {isa = PBXFileReference; lastKnownFileType = sourcecode.c.objc; path = main.m; sourceTree = "<group>"; };
		DCA446401B106DBB0051F1E4 /* AppDelegate.h */ = {isa = PBXFileReference; lastKnownFileType = sourcecode.c.h; path = AppDelegate.h; sourceTree = "<group>"; };
		DCA446411B106DBB0051F1E4 /* AppDelegate.m */ = {isa = PBXFileReference; lastKnownFileType = sourcecode.c.objc; path = AppDelegate.m; sourceTree = "<group>"; };
		DCA446431B106DBB0051F1E4 /* ViewController.h */ = {isa = PBXFileReference; lastKnownFileType = sourcecode.c.h; path = ViewController.h; sourceTree = "<group>"; };
		DCA446441B106DBB0051F1E4 /* ViewController.m */ = {isa = PBXFileReference; lastKnownFileType = sourcecode.c.objc; path = ViewController.m; sourceTree = "<group>"; };
		DCA446471B106DBB0051F1E4 /* Base */ = {isa = PBXFileReference; lastKnownFileType = file.storyboard; name = Base; path = Base.lproj/Main.storyboard; sourceTree = "<group>"; };
		DCA446491B106DBB0051F1E4 /* Images.xcassets */ = {isa = PBXFileReference; lastKnownFileType = folder.assetcatalog; path = Images.xcassets; sourceTree = "<group>"; };
		DCA4464C1B106DBB0051F1E4 /* Base */ = {isa = PBXFileReference; lastKnownFileType = file.xib; name = Base; path = Base.lproj/LaunchScreen.xib; sourceTree = "<group>"; };
		DCA446521B106DBB0051F1E4 /* RemioBetaTests.xctest */ = {isa = PBXFileReference; explicitFileType = wrapper.cfbundle; includeInIndex = 0; path = RemioBetaTests.xctest; sourceTree = BUILT_PRODUCTS_DIR; };
		DCA446571B106DBB0051F1E4 /* Info.plist */ = {isa = PBXFileReference; lastKnownFileType = text.plist.xml; path = Info.plist; sourceTree = "<group>"; };
		DCA446581B106DBB0051F1E4 /* RemioBetaTests.m */ = {isa = PBXFileReference; lastKnownFileType = sourcecode.c.objc; path = RemioBetaTests.m; sourceTree = "<group>"; };
		DCA446651B106F1C0051F1E4 /* BLEDevice.h */ = {isa = PBXFileReference; fileEncoding = 4; lastKnownFileType = sourcecode.c.h; path = BLEDevice.h; sourceTree = "<group>"; };
		DCA446661B106F1C0051F1E4 /* BLEDevice.m */ = {isa = PBXFileReference; fileEncoding = 4; lastKnownFileType = sourcecode.c.objc; path = BLEDevice.m; sourceTree = "<group>"; };
		DCA446671B106F1C0051F1E4 /* BLEUtility.h */ = {isa = PBXFileReference; fileEncoding = 4; lastKnownFileType = sourcecode.c.h; path = BLEUtility.h; sourceTree = "<group>"; };
		DCA446681B106F1C0051F1E4 /* BLEUtility.m */ = {isa = PBXFileReference; fileEncoding = 4; lastKnownFileType = sourcecode.c.objc; path = BLEUtility.m; sourceTree = "<group>"; };
		DCA446691B106F1C0051F1E4 /* DFBlunoDevice.h */ = {isa = PBXFileReference; fileEncoding = 4; lastKnownFileType = sourcecode.c.h; path = DFBlunoDevice.h; sourceTree = "<group>"; };
		DCA4466A1B106F1C0051F1E4 /* DFBlunoDevice.m */ = {isa = PBXFileReference; fileEncoding = 4; lastKnownFileType = sourcecode.c.objc; path = DFBlunoDevice.m; sourceTree = "<group>"; };
		DCA4466B1B106F1C0051F1E4 /* DFBlunoManager.h */ = {isa = PBXFileReference; fileEncoding = 4; lastKnownFileType = sourcecode.c.h; path = DFBlunoManager.h; sourceTree = "<group>"; };
		DCA4466C1B106F1C0051F1E4 /* DFBlunoManager.m */ = {isa = PBXFileReference; fileEncoding = 4; lastKnownFileType = sourcecode.c.objc; path = DFBlunoManager.m; sourceTree = "<group>"; };
		DCA446751B1071340051F1E4 /* CoreBluetooth.framework */ = {isa = PBXFileReference; lastKnownFileType = wrapper.framework; name = CoreBluetooth.framework; path = System/Library/Frameworks/CoreBluetooth.framework; sourceTree = SDKROOT; };
		DCA446771B10713A0051F1E4 /* AVFoundation.framework */ = {isa = PBXFileReference; lastKnownFileType = wrapper.framework; name = AVFoundation.framework; path = System/Library/Frameworks/AVFoundation.framework; sourceTree = SDKROOT; };
		DCA4467A1B1071FF0051F1E4 /* AudioEngine.h */ = {isa = PBXFileReference; fileEncoding = 4; lastKnownFileType = sourcecode.c.h; path = AudioEngine.h; sourceTree = "<group>"; };
		DCA4467B1B1071FF0051F1E4 /* AudioEngine.m */ = {isa = PBXFileReference; fileEncoding = 4; lastKnownFileType = sourcecode.c.objc; path = AudioEngine.m; sourceTree = "<group>"; };
		DCA4467F1B10D7E30051F1E4 /* iTunesArtwork@2x.png */ = {isa = PBXFileReference; lastKnownFileType = image.png; path = "iTunesArtwork@2x.png"; sourceTree = "<group>"; };
		DCA446811B10D7E30051F1E4 /* headphone1.png */ = {isa = PBXFileReference; lastKnownFileType = image.png; path = headphone1.png; sourceTree = "<group>"; };
		DCA446841B10D7E30051F1E4 /* p10.png */ = {isa = PBXFileReference; lastKnownFileType = image.png; path = p10.png; sourceTree = "<group>"; };
		DCA446881B10D7E30051F1E4 /* headphone2.png */ = {isa = PBXFileReference; lastKnownFileType = image.png; path = headphone2.png; sourceTree = "<group>"; };
		DCA4468A1B10D7E30051F1E4 /* headphone3.png */ = {isa = PBXFileReference; lastKnownFileType = image.png; path = headphone3.png; sourceTree = "<group>"; };
		DCA4468C1B10D7E30051F1E4 /* p11.png */ = {isa = PBXFileReference; lastKnownFileType = image.png; path = p11.png; sourceTree = "<group>"; };
		DCA4468D1B10D7E30051F1E4 /* p12.png */ = {isa = PBXFileReference; lastKnownFileType = image.png; path = p12.png; sourceTree = "<group>"; };
		DCA4468F1B10D7E30051F1E4 /* z3.png */ = {isa = PBXFileReference; lastKnownFileType = image.png; path = z3.png; sourceTree = "<group>"; };
		DCA446911B10D7E30051F1E4 /* p4.png */ = {isa = PBXFileReference; lastKnownFileType = image.png; path = p4.png; sourceTree = "<group>"; };
		DCA446921B10D7E30051F1E4 /* page4.png */ = {isa = PBXFileReference; lastKnownFileType = image.png; path = page4.png; sourceTree = "<group>"; };
		DCA446951B10D7E30051F1E4 /* p12.png */ = {isa = PBXFileReference; lastKnownFileType = image.png; path = p12.png; sourceTree = "<group>"; };
		DCA446971B10D7E30051F1E4 /* p51.png */ = {isa = PBXFileReference; lastKnownFileType = image.png; path = p51.png; sourceTree = "<group>"; };
		DCA4469C1B10D7E30051F1E4 /* p12.png */ = {isa = PBXFileReference; lastKnownFileType = image.png; path = p12.png; sourceTree = "<group>"; };
		DCA4469D1B10D7E30051F1E4 /* p51.png */ = {isa = PBXFileReference; lastKnownFileType = image.png; path = p51.png; sourceTree = "<group>"; };
		DCA4469F1B10D7E30051F1E4 /* z1.png */ = {isa = PBXFileReference; lastKnownFileType = image.png; path = z1.png; sourceTree = "<group>"; };
		DCA446A31B10D7E30051F1E4 /* p12.png */ = {isa = PBXFileReference; lastKnownFileType = image.png; path = p12.png; sourceTree = "<group>"; };
		DCA446A41B10D7E30051F1E4 /* p51.png */ = {isa = PBXFileReference; lastKnownFileType = image.png; path = p51.png; sourceTree = "<group>"; };
		DCA446A91B10D7E30051F1E4 /* logoro-01.png */ = {isa = PBXFileReference; lastKnownFileType = image.png; path = "logoro-01.png"; sourceTree = "<group>"; };
		DCA446AA1B10D7E30051F1E4 /* p12.png */ = {isa = PBXFileReference; lastKnownFileType = image.png; path = p12.png; sourceTree = "<group>"; };
		DCA446AB1B10D7E30051F1E4 /* p51.png */ = {isa = PBXFileReference; lastKnownFileType = image.png; path = p51.png; sourceTree = "<group>"; };
		DCA446AF1B10D7E30051F1E4 /* 未标题-2.png */ = {isa = PBXFileReference; lastKnownFileType = image.png; path = "未标题-2.png"; sourceTree = "<group>"; };
		DCA446B21B10D7E30051F1E4 /* p9.png */ = {isa = PBXFileReference; lastKnownFileType = image.png; path = p9.png; sourceTree = "<group>"; };
		DCA446B71B10D7E30051F1E4 /* m1.mp3 */ = {isa = PBXFileReference; lastKnownFileType = audio.mp3; path = m1.mp3; sourceTree = "<group>"; };
		DCA446B81B10D7E30051F1E4 /* m2.mp3 */ = {isa = PBXFileReference; lastKnownFileType = audio.mp3; path = m2.mp3; sourceTree = "<group>"; };
		DCA446B91B10D7E30051F1E4 /* m3.mp3 */ = {isa = PBXFileReference; lastKnownFileType = audio.mp3; path = m3.mp3; sourceTree = "<group>"; };
		DCA446BA1B10D7E30051F1E4 /* m4.mp3 */ = {isa = PBXFileReference; lastKnownFileType = audio.mp3; path = m4.mp3; sourceTree = "<group>"; };
		DCA446BB1B10D7E30051F1E4 /* m5.mp3 */ = {isa = PBXFileReference; lastKnownFileType = audio.mp3; path = m5.mp3; sourceTree = "<group>"; };
		DCA446BC1B10D7E30051F1E4 /* m6.mp3 */ = {isa = PBXFileReference; lastKnownFileType = audio.mp3; path = m6.mp3; sourceTree = "<group>"; };
		DCA446BD1B10D7E30051F1E4 /* m7.mp3 */ = {isa = PBXFileReference; lastKnownFileType = audio.mp3; path = m7.mp3; sourceTree = "<group>"; };
		DCA446BE1B10D7E30051F1E4 /* m8.mp3 */ = {isa = PBXFileReference; lastKnownFileType = audio.mp3; path = m8.mp3; sourceTree = "<group>"; };
		DCA446C91B10D7E30051F1E4 /* L1.mp3 */ = {isa = PBXFileReference; lastKnownFileType = audio.mp3; path = L1.mp3; sourceTree = "<group>"; };
		DCA446CA1B10D7E30051F1E4 /* L2.mp3 */ = {isa = PBXFileReference; lastKnownFileType = audio.mp3; path = L2.mp3; sourceTree = "<group>"; };
		DCA446CB1B10D7E30051F1E4 /* L3.mp3 */ = {isa = PBXFileReference; lastKnownFileType = audio.mp3; path = L3.mp3; sourceTree = "<group>"; };
		DCA446CC1B10D7E30051F1E4 /* L4.mp3 */ = {isa = PBXFileReference; lastKnownFileType = audio.mp3; path = L4.mp3; sourceTree = "<group>"; };
		DCA446CD1B10D7E30051F1E4 /* pL1.png */ = {isa = PBXFileReference; lastKnownFileType = image.png; path = pL1.png; sourceTree = "<group>"; };
		DCA446CE1B10D7E30051F1E4 /* pL2.png */ = {isa = PBXFileReference; lastKnownFileType = image.png; path = pL2.png; sourceTree = "<group>"; };
		DCA446CF1B10D7E30051F1E4 /* pL3.png */ = {isa = PBXFileReference; lastKnownFileType = image.png; path = pL3.png; sourceTree = "<group>"; };
		DCA446D01B10D7E30051F1E4 /* pL4.png */ = {isa = PBXFileReference; lastKnownFileType = image.png; path = pL4.png; sourceTree = "<group>"; };
		DCA446D11B10D7E30051F1E4 /* pR1.png */ = {isa = PBXFileReference; lastKnownFileType = image.png; path = pR1.png; sourceTree = "<group>"; };
		DCA446D21B10D7E30051F1E4 /* pR2.png */ = {isa = PBXFileReference; lastKnownFileType = image.png; path = pR2.png; sourceTree = "<group>"; };
		DCA446D31B10D7E30051F1E4 /* pR3.png */ = {isa = PBXFileReference; lastKnownFileType = image.png; path = pR3.png; sourceTree = "<group>"; };
		DCA446D41B10D7E30051F1E4 /* pR4.png */ = {isa = PBXFileReference; lastKnownFileType = image.png; path = pR4.png; sourceTree = "<group>"; };
		DCA446D51B10D7E30051F1E4 /* R1.mp3 */ = {isa = PBXFileReference; lastKnownFileType = audio.mp3; path = R1.mp3; sourceTree = "<group>"; };
		DCA446D61B10D7E30051F1E4 /* R2.mp3 */ = {isa = PBXFileReference; lastKnownFileType = audio.mp3; path = R2.mp3; sourceTree = "<group>"; };
		DCA446D71B10D7E30051F1E4 /* R3.mp3 */ = {isa = PBXFileReference; lastKnownFileType = audio.mp3; path = R3.mp3; sourceTree = "<group>"; };
		DCA446D81B10D7E30051F1E4 /* R4.mp3 */ = {isa = PBXFileReference; lastKnownFileType = audio.mp3; path = R4.mp3; sourceTree = "<group>"; };
		DCA447251B10DD030051F1E4 /* guitdo.wav */ = {isa = PBXFileReference; lastKnownFileType = audio.wav; path = guitdo.wav; sourceTree = "<group>"; };
		DCA447291B11995E0051F1E4 /* Pause 2.png */ = {isa = PBXFileReference; lastKnownFileType = image.png; path = "Pause 2.png"; sourceTree = "<group>"; };
		DCA4472A1B11995E0051F1E4 /* Play 2.png */ = {isa = PBXFileReference; lastKnownFileType = image.png; path = "Play 2.png"; sourceTree = "<group>"; };
		DCA4472B1B11995E0051F1E4 /* Vinyl 2.png */ = {isa = PBXFileReference; lastKnownFileType = image.png; path = "Vinyl 2.png"; sourceTree = "<group>"; };
		DCA447431B11B0250051F1E4 /* ap1.png */ = {isa = PBXFileReference; lastKnownFileType = image.png; path = ap1.png; sourceTree = "<group>"; };
		DCA447441B11B0250051F1E4 /* ap2.png */ = {isa = PBXFileReference; lastKnownFileType = image.png; path = ap2.png; sourceTree = "<group>"; };
		DCA447451B11B0250051F1E4 /* ap3.png */ = {isa = PBXFileReference; lastKnownFileType = image.png; path = ap3.png; sourceTree = "<group>"; };
		DCA447461B11B0250051F1E4 /* ap4.png */ = {isa = PBXFileReference; lastKnownFileType = image.png; path = ap4.png; sourceTree = "<group>"; };
		DCA447471B11B0250051F1E4 /* ap5.png */ = {isa = PBXFileReference; lastKnownFileType = image.png; path = ap5.png; sourceTree = "<group>"; };
		DCA447481B11B0250051F1E4 /* ap6.png */ = {isa = PBXFileReference; lastKnownFileType = image.png; path = ap6.png; sourceTree = "<group>"; };
		DCA447491B11B0250051F1E4 /* ap7.png */ = {isa = PBXFileReference; lastKnownFileType = image.png; path = ap7.png; sourceTree = "<group>"; };
		DCA4474A1B11B0260051F1E4 /* ap8.png */ = {isa = PBXFileReference; lastKnownFileType = image.png; path = ap8.png; sourceTree = "<group>"; };
		DCA447551B11B28E0051F1E4 /* np5.png */ = {isa = PBXFileReference; lastKnownFileType = image.png; path = np5.png; sourceTree = "<group>"; };
		DCA447571B11BA6B0051F1E4 /* page8p8.png */ = {isa = PBXFileReference; lastKnownFileType = image.png; path = page8p8.png; sourceTree = "<group>"; };
		DCA447591B11BB0C0051F1E4 /* page7p7.png */ = {isa = PBXFileReference; lastKnownFileType = image.png; path = page7p7.png; sourceTree = "<group>"; };
		DCA4475B1B11BC740051F1E4 /* page6p6.png */ = {isa = PBXFileReference; lastKnownFileType = image.png; path = page6p6.png; sourceTree = "<group>"; };
		DCA4475E1B11C1F40051F1E4 /* JZDragView.h */ = {isa = PBXFileReference; fileEncoding = 4; lastKnownFileType = sourcecode.c.h; path = JZDragView.h; sourceTree = "<group>"; };
		DCA4475F1B11C1F40051F1E4 /* JZDragView.m */ = {isa = PBXFileReference; fileEncoding = 4; lastKnownFileType = sourcecode.c.objc; path = JZDragView.m; sourceTree = "<group>"; };
		DCA4480A1B11CA7B0051F1E4 /* pagep9.png */ = {isa = PBXFileReference; lastKnownFileType = image.png; path = pagep9.png; sourceTree = "<group>"; };
		DCA4480D1B11D1110051F1E4 /* bass_guitar1.wav */ = {isa = PBXFileReference; lastKnownFileType = audio.wav; path = bass_guitar1.wav; sourceTree = "<group>"; };
		DCA4480E1B11D1110051F1E4 /* bass_guitar2.wav */ = {isa = PBXFileReference; lastKnownFileType = audio.wav; path = bass_guitar2.wav; sourceTree = "<group>"; };
		DCA4480F1B11D1110051F1E4 /* bass_guitar3.wav */ = {isa = PBXFileReference; lastKnownFileType = audio.wav; path = bass_guitar3.wav; sourceTree = "<group>"; };
		DCA448101B11D1110051F1E4 /* bass_guitar4.wav */ = {isa = PBXFileReference; lastKnownFileType = audio.wav; path = bass_guitar4.wav; sourceTree = "<group>"; };
		DCA448111B11D1110051F1E4 /* electric_guitar1.wav */ = {isa = PBXFileReference; lastKnownFileType = audio.wav; path = electric_guitar1.wav; sourceTree = "<group>"; };
		DCA448121B11D1110051F1E4 /* electric_guitar2.wav */ = {isa = PBXFileReference; lastKnownFileType = audio.wav; path = electric_guitar2.wav; sourceTree = "<group>"; };
		DCA448131B11D1110051F1E4 /* electric_guitar3.wav */ = {isa = PBXFileReference; lastKnownFileType = audio.wav; path = electric_guitar3.wav; sourceTree = "<group>"; };
		DCA448141B11D1110051F1E4 /* electric_guitar4.wav */ = {isa = PBXFileReference; lastKnownFileType = audio.wav; path = electric_guitar4.wav; sourceTree = "<group>"; };
/* End PBXFileReference section */

/* Begin PBXFrameworksBuildPhase section */
		DCA446361B106DBB0051F1E4 /* Frameworks */ = {
			isa = PBXFrameworksBuildPhase;
			buildActionMask = 2147483647;
			files = (
				DCA446781B10713A0051F1E4 /* AVFoundation.framework in Frameworks */,
				DCA446761B1071340051F1E4 /* CoreBluetooth.framework in Frameworks */,
			);
			runOnlyForDeploymentPostprocessing = 0;
		};
		DCA4464F1B106DBB0051F1E4 /* Frameworks */ = {
			isa = PBXFrameworksBuildPhase;
			buildActionMask = 2147483647;
			files = (
			);
			runOnlyForDeploymentPostprocessing = 0;
		};
/* End PBXFrameworksBuildPhase section */

/* Begin PBXGroup section */
		DCA446301B106DBB0051F1E4 = {
			isa = PBXGroup;
			children = (
				DCA446791B10713F0051F1E4 /* Frameworks */,
				DCA4463B1B106DBB0051F1E4 /* RemioBeta */,
				DCA446551B106DBB0051F1E4 /* RemioBetaTests */,
				DCA4463A1B106DBB0051F1E4 /* Products */,
			);
			sourceTree = "<group>";
		};
		DCA4463A1B106DBB0051F1E4 /* Products */ = {
			isa = PBXGroup;
			children = (
				DCA446391B106DBB0051F1E4 /* RemioBeta.app */,
				DCA446521B106DBB0051F1E4 /* RemioBetaTests.xctest */,
			);
			name = Products;
			sourceTree = "<group>";
		};
		DCA4463B1B106DBB0051F1E4 /* RemioBeta */ = {
			isa = PBXGroup;
			children = (
				DCA446621B106EE30051F1E4 /* Model */,
				DCA446401B106DBB0051F1E4 /* AppDelegate.h */,
				DCA446411B106DBB0051F1E4 /* AppDelegate.m */,
				DCA446431B106DBB0051F1E4 /* ViewController.h */,
				DCA446441B106DBB0051F1E4 /* ViewController.m */,
				DCA446461B106DBB0051F1E4 /* Main.storyboard */,
				DCA446491B106DBB0051F1E4 /* Images.xcassets */,
				DCA4464B1B106DBB0051F1E4 /* LaunchScreen.xib */,
				DCA4463C1B106DBB0051F1E4 /* Supporting Files */,
			);
			path = RemioBeta;
			sourceTree = "<group>";
		};
		DCA4463C1B106DBB0051F1E4 /* Supporting Files */ = {
			isa = PBXGroup;
			children = (
				DCA4467D1B10D7B70051F1E4 /* Resource */,
				DCA4463D1B106DBB0051F1E4 /* Info.plist */,
				DCA4463E1B106DBB0051F1E4 /* main.m */,
			);
			name = "Supporting Files";
			sourceTree = "<group>";
		};
		DCA446551B106DBB0051F1E4 /* RemioBetaTests */ = {
			isa = PBXGroup;
			children = (
				DCA446581B106DBB0051F1E4 /* RemioBetaTests.m */,
				DCA446561B106DBB0051F1E4 /* Supporting Files */,
			);
			path = RemioBetaTests;
			sourceTree = "<group>";
		};
		DCA446561B106DBB0051F1E4 /* Supporting Files */ = {
			isa = PBXGroup;
			children = (
				DCA446571B106DBB0051F1E4 /* Info.plist */,
			);
			name = "Supporting Files";
			sourceTree = "<group>";
		};
		DCA446621B106EE30051F1E4 /* Model */ = {
			isa = PBXGroup;
			children = (
				DCA4475D1B11C1F40051F1E4 /* JZDragView */,
				DCA446741B106F5B0051F1E4 /* AudioEngine */,
				DCA446631B106F1C0051F1E4 /* Bluno */,
			);
			name = Model;
			sourceTree = "<group>";
		};
		DCA446631B106F1C0051F1E4 /* Bluno */ = {
			isa = PBXGroup;
			children = (
				DCA446641B106F1C0051F1E4 /* Core */,
				DCA446691B106F1C0051F1E4 /* DFBlunoDevice.h */,
				DCA4466A1B106F1C0051F1E4 /* DFBlunoDevice.m */,
				DCA4466B1B106F1C0051F1E4 /* DFBlunoManager.h */,
				DCA4466C1B106F1C0051F1E4 /* DFBlunoManager.m */,
			);
			path = Bluno;
			sourceTree = "<group>";
		};
		DCA446641B106F1C0051F1E4 /* Core */ = {
			isa = PBXGroup;
			children = (
				DCA446651B106F1C0051F1E4 /* BLEDevice.h */,
				DCA446661B106F1C0051F1E4 /* BLEDevice.m */,
				DCA446671B106F1C0051F1E4 /* BLEUtility.h */,
				DCA446681B106F1C0051F1E4 /* BLEUtility.m */,
			);
			path = Core;
			sourceTree = "<group>";
		};
		DCA446741B106F5B0051F1E4 /* AudioEngine */ = {
			isa = PBXGroup;
			children = (
				DCA4467A1B1071FF0051F1E4 /* AudioEngine.h */,
				DCA4467B1B1071FF0051F1E4 /* AudioEngine.m */,
			);
			name = AudioEngine;
			sourceTree = "<group>";
		};
		DCA446791B10713F0051F1E4 /* Frameworks */ = {
			isa = PBXGroup;
			children = (
				DCA446771B10713A0051F1E4 /* AVFoundation.framework */,
				DCA446751B1071340051F1E4 /* CoreBluetooth.framework */,
			);
			name = Frameworks;
			sourceTree = "<group>";
		};
		DCA4467D1B10D7B70051F1E4 /* Resource */ = {
			isa = PBXGroup;
			children = (
				DCA4467E1B10D7E30051F1E4 /* headphone app */,
			);
			name = Resource;
			sourceTree = "<group>";
		};
		DCA4467E1B10D7E30051F1E4 /* headphone app */ = {
			isa = PBXGroup;
			children = (
				DCA4467F1B10D7E30051F1E4 /* iTunesArtwork@2x.png */,
				DCA446801B10D7E30051F1E4 /* page1 */,
				DCA446821B10D7E30051F1E4 /* page10 */,
				DCA446871B10D7E30051F1E4 /* page2 */,
				DCA446891B10D7E30051F1E4 /* page3 */,
				DCA446901B10D7E30051F1E4 /* page4 */,
				DCA446931B10D7E30051F1E4 /* page5 */,
				DCA4469A1B10D7E30051F1E4 /* page6 */,
				DCA446A11B10D7E30051F1E4 /* page7 */,
				DCA446A81B10D7E30051F1E4 /* page8 */,
				DCA446B01B10D7E30051F1E4 /* page9 */,
				DCA446B51B10D7E30051F1E4 /* 耳机app */,
			);
			path = "headphone app";
			sourceTree = "<group>";
		};
		DCA446801B10D7E30051F1E4 /* page1 */ = {
			isa = PBXGroup;
			children = (
				DCA446811B10D7E30051F1E4 /* headphone1.png */,
			);
			path = page1;
			sourceTree = "<group>";
		};
		DCA446821B10D7E30051F1E4 /* page10 */ = {
			isa = PBXGroup;
			children = (
				DCA446841B10D7E30051F1E4 /* p10.png */,
			);
			path = page10;
			sourceTree = "<group>";
		};
		DCA446871B10D7E30051F1E4 /* page2 */ = {
			isa = PBXGroup;
			children = (
				DCA446881B10D7E30051F1E4 /* headphone2.png */,
			);
			path = page2;
			sourceTree = "<group>";
		};
		DCA446891B10D7E30051F1E4 /* page3 */ = {
			isa = PBXGroup;
			children = (
				DCA4468A1B10D7E30051F1E4 /* headphone3.png */,
				DCA4468C1B10D7E30051F1E4 /* p11.png */,
				DCA4468D1B10D7E30051F1E4 /* p12.png */,
				DCA4468F1B10D7E30051F1E4 /* z3.png */,
			);
			path = page3;
			sourceTree = "<group>";
		};
		DCA446901B10D7E30051F1E4 /* page4 */ = {
			isa = PBXGroup;
			children = (
				DCA446911B10D7E30051F1E4 /* p4.png */,
				DCA446921B10D7E30051F1E4 /* page4.png */,
			);
			path = page4;
			sourceTree = "<group>";
		};
		DCA446931B10D7E30051F1E4 /* page5 */ = {
			isa = PBXGroup;
			children = (
				DCA447551B11B28E0051F1E4 /* np5.png */,
				DCA446951B10D7E30051F1E4 /* p12.png */,
				DCA446971B10D7E30051F1E4 /* p51.png */,
			);
			path = page5;
			sourceTree = "<group>";
		};
		DCA4469A1B10D7E30051F1E4 /* page6 */ = {
			isa = PBXGroup;
			children = (
				DCA4475B1B11BC740051F1E4 /* page6p6.png */,
				DCA4469C1B10D7E30051F1E4 /* p12.png */,
				DCA4469D1B10D7E30051F1E4 /* p51.png */,
				DCA4469F1B10D7E30051F1E4 /* z1.png */,
			);
			path = page6;
			sourceTree = "<group>";
		};
		DCA446A11B10D7E30051F1E4 /* page7 */ = {
			isa = PBXGroup;
			children = (
				DCA447591B11BB0C0051F1E4 /* page7p7.png */,
				DCA446A31B10D7E30051F1E4 /* p12.png */,
				DCA446A41B10D7E30051F1E4 /* p51.png */,
			);
			path = page7;
			sourceTree = "<group>";
		};
		DCA446A81B10D7E30051F1E4 /* page8 */ = {
			isa = PBXGroup;
			children = (
				DCA447571B11BA6B0051F1E4 /* page8p8.png */,
				DCA446A91B10D7E30051F1E4 /* logoro-01.png */,
				DCA446AA1B10D7E30051F1E4 /* p12.png */,
				DCA446AB1B10D7E30051F1E4 /* p51.png */,
				DCA446AF1B10D7E30051F1E4 /* 未标题-2.png */,
			);
			path = page8;
			sourceTree = "<group>";
		};
		DCA446B01B10D7E30051F1E4 /* page9 */ = {
			isa = PBXGroup;
			children = (
				DCA4480A1B11CA7B0051F1E4 /* pagep9.png */,
				DCA447291B11995E0051F1E4 /* Pause 2.png */,
				DCA4472A1B11995E0051F1E4 /* Play 2.png */,
				DCA4472B1B11995E0051F1E4 /* Vinyl 2.png */,
				DCA446B21B10D7E30051F1E4 /* p9.png */,
			);
			path = page9;
			sourceTree = "<group>";
		};
		DCA446B51B10D7E30051F1E4 /* 耳机app */ = {
			isa = PBXGroup;
			children = (
				DCA446B61B10D7E30051F1E4 /* 播放正常歌曲 */,
				DCA446C81B10D7E30051F1E4 /* 混音歌曲及封面 */,
			);
			path = "耳机app";
			sourceTree = "<group>";
		};
		DCA446B61B10D7E30051F1E4 /* 播放正常歌曲 */ = {
			isa = PBXGroup;
			children = (
				DCA446B71B10D7E30051F1E4 /* m1.mp3 */,
				DCA446B81B10D7E30051F1E4 /* m2.mp3 */,
				DCA446B91B10D7E30051F1E4 /* m3.mp3 */,
				DCA446BA1B10D7E30051F1E4 /* m4.mp3 */,
				DCA446BB1B10D7E30051F1E4 /* m5.mp3 */,
				DCA446BC1B10D7E30051F1E4 /* m6.mp3 */,
				DCA446BD1B10D7E30051F1E4 /* m7.mp3 */,
				DCA446BE1B10D7E30051F1E4 /* m8.mp3 */,
				DCA446BF1B10D7E30051F1E4 /* 专辑封面 */,
			);
			path = "播放正常歌曲";
			sourceTree = "<group>";
		};
		DCA446BF1B10D7E30051F1E4 /* 专辑封面 */ = {
			isa = PBXGroup;
			children = (
				DCA447431B11B0250051F1E4 /* ap1.png */,
				DCA447441B11B0250051F1E4 /* ap2.png */,
				DCA447451B11B0250051F1E4 /* ap3.png */,
				DCA447461B11B0250051F1E4 /* ap4.png */,
				DCA447471B11B0250051F1E4 /* ap5.png */,
				DCA447481B11B0250051F1E4 /* ap6.png */,
				DCA447491B11B0250051F1E4 /* ap7.png */,
				DCA4474A1B11B0260051F1E4 /* ap8.png */,
			);
			path = "专辑封面";
			sourceTree = "<group>";
		};
		DCA446C81B10D7E30051F1E4 /* 混音歌曲及封面 */ = {
			isa = PBXGroup;
			children = (
				DCA4480C1B11D0E00051F1E4 /* effect */,
				DCA447251B10DD030051F1E4 /* guitdo.wav */,
				DCA446C91B10D7E30051F1E4 /* L1.mp3 */,
				DCA446CA1B10D7E30051F1E4 /* L2.mp3 */,
				DCA446CB1B10D7E30051F1E4 /* L3.mp3 */,
				DCA446CC1B10D7E30051F1E4 /* L4.mp3 */,
				DCA446CD1B10D7E30051F1E4 /* pL1.png */,
				DCA446CE1B10D7E30051F1E4 /* pL2.png */,
				DCA446CF1B10D7E30051F1E4 /* pL3.png */,
				DCA446D01B10D7E30051F1E4 /* pL4.png */,
				DCA446D11B10D7E30051F1E4 /* pR1.png */,
				DCA446D21B10D7E30051F1E4 /* pR2.png */,
				DCA446D31B10D7E30051F1E4 /* pR3.png */,
				DCA446D41B10D7E30051F1E4 /* pR4.png */,
				DCA446D51B10D7E30051F1E4 /* R1.mp3 */,
				DCA446D61B10D7E30051F1E4 /* R2.mp3 */,
				DCA446D71B10D7E30051F1E4 /* R3.mp3 */,
				DCA446D81B10D7E30051F1E4 /* R4.mp3 */,
			);
			path = "混音歌曲及封面";
			sourceTree = "<group>";
		};
		DCA4475D1B11C1F40051F1E4 /* JZDragView */ = {
			isa = PBXGroup;
			children = (
				DCA4475E1B11C1F40051F1E4 /* JZDragView.h */,
				DCA4475F1B11C1F40051F1E4 /* JZDragView.m */,
			);
			path = JZDragView;
			sourceTree = "<group>";
		};
		DCA4480C1B11D0E00051F1E4 /* effect */ = {
			isa = PBXGroup;
			children = (
				DCA4480D1B11D1110051F1E4 /* bass_guitar1.wav */,
				DCA4480E1B11D1110051F1E4 /* bass_guitar2.wav */,
				DCA4480F1B11D1110051F1E4 /* bass_guitar3.wav */,
				DCA448101B11D1110051F1E4 /* bass_guitar4.wav */,
				DCA448111B11D1110051F1E4 /* electric_guitar1.wav */,
				DCA448121B11D1110051F1E4 /* electric_guitar2.wav */,
				DCA448131B11D1110051F1E4 /* electric_guitar3.wav */,
				DCA448141B11D1110051F1E4 /* electric_guitar4.wav */,
			);
			name = effect;
			sourceTree = "<group>";
		};
/* End PBXGroup section */

/* Begin PBXNativeTarget section */
		DCA446381B106DBB0051F1E4 /* RemioBeta */ = {
			isa = PBXNativeTarget;
			buildConfigurationList = DCA4465C1B106DBB0051F1E4 /* Build configuration list for PBXNativeTarget "RemioBeta" */;
			buildPhases = (
				DCA446351B106DBB0051F1E4 /* Sources */,
				DCA446361B106DBB0051F1E4 /* Frameworks */,
				DCA446371B106DBB0051F1E4 /* Resources */,
			);
			buildRules = (
			);
			dependencies = (
			);
			name = RemioBeta;
			productName = RemioBeta;
			productReference = DCA446391B106DBB0051F1E4 /* RemioBeta.app */;
			productType = "com.apple.product-type.application";
		};
		DCA446511B106DBB0051F1E4 /* RemioBetaTests */ = {
			isa = PBXNativeTarget;
			buildConfigurationList = DCA4465F1B106DBB0051F1E4 /* Build configuration list for PBXNativeTarget "RemioBetaTests" */;
			buildPhases = (
				DCA4464E1B106DBB0051F1E4 /* Sources */,
				DCA4464F1B106DBB0051F1E4 /* Frameworks */,
				DCA446501B106DBB0051F1E4 /* Resources */,
			);
			buildRules = (
			);
			dependencies = (
				DCA446541B106DBB0051F1E4 /* PBXTargetDependency */,
			);
			name = RemioBetaTests;
			productName = RemioBetaTests;
			productReference = DCA446521B106DBB0051F1E4 /* RemioBetaTests.xctest */;
			productType = "com.apple.product-type.bundle.unit-test";
		};
/* End PBXNativeTarget section */

/* Begin PBXProject section */
		DCA446311B106DBB0051F1E4 /* Project object */ = {
			isa = PBXProject;
			attributes = {
				LastUpgradeCheck = 0630;
				ORGANIZATIONNAME = wewing;
				TargetAttributes = {
					DCA446381B106DBB0051F1E4 = {
						CreatedOnToolsVersion = 6.3.1;
					};
					DCA446511B106DBB0051F1E4 = {
						CreatedOnToolsVersion = 6.3.1;
						TestTargetID = DCA446381B106DBB0051F1E4;
					};
				};
			};
			buildConfigurationList = DCA446341B106DBB0051F1E4 /* Build configuration list for PBXProject "RemioBeta" */;
			compatibilityVersion = "Xcode 3.2";
			developmentRegion = English;
			hasScannedForEncodings = 0;
			knownRegions = (
				en,
				Base,
			);
			mainGroup = DCA446301B106DBB0051F1E4;
			productRefGroup = DCA4463A1B106DBB0051F1E4 /* Products */;
			projectDirPath = "";
			projectRoot = "";
			targets = (
				DCA446381B106DBB0051F1E4 /* RemioBeta */,
				DCA446511B106DBB0051F1E4 /* RemioBetaTests */,
			);
		};
/* End PBXProject section */

/* Begin PBXResourcesBuildPhase section */
		DCA446371B106DBB0051F1E4 /* Resources */ = {
			isa = PBXResourcesBuildPhase;
			buildActionMask = 2147483647;
			files = (
				DCA447161B10D7E30051F1E4 /* L2.mp3 in Resources */,
				DCA447221B10D7E30051F1E4 /* R2.mp3 in Resources */,
				DCA4470C1B10D7E30051F1E4 /* m8.mp3 in Resources */,
				DCA448151B11D1110051F1E4 /* bass_guitar1.wav in Resources */,
				DCA4474C1B11B0260051F1E4 /* ap2.png in Resources */,
				DCA447151B10D7E30051F1E4 /* L1.mp3 in Resources */,
				DCA4474D1B11B0260051F1E4 /* ap3.png in Resources */,
				DCA446FC1B10D7E30051F1E4 /* p51.png in Resources */,
				DCA4470A1B10D7E30051F1E4 /* m6.mp3 in Resources */,
				DCA446FB1B10D7E30051F1E4 /* p12.png in Resources */,
				DCA447021B10D7E30051F1E4 /* p9.png in Resources */,
				DCA447501B11B0260051F1E4 /* ap6.png in Resources */,
				DCA4475C1B11BC740051F1E4 /* page6p6.png in Resources */,
				DCA446481B106DBB0051F1E4 /* Main.storyboard in Resources */,
				DCA447061B10D7E30051F1E4 /* m2.mp3 in Resources */,
				DCA446DF1B10D7E30051F1E4 /* headphone2.png in Resources */,
				DCA446DA1B10D7E30051F1E4 /* headphone1.png in Resources */,
				DCA446E61B10D7E30051F1E4 /* p4.png in Resources */,
				DCA447191B10D7E30051F1E4 /* pL1.png in Resources */,
				DCA446FA1B10D7E30051F1E4 /* logoro-01.png in Resources */,
				DCA4471B1B10D7E30051F1E4 /* pL3.png in Resources */,
				DCA446E21B10D7E30051F1E4 /* p11.png in Resources */,
				DCA448181B11D1110051F1E4 /* bass_guitar4.wav in Resources */,
				DCA4472E1B11995E0051F1E4 /* Vinyl 2.png in Resources */,
				DCA447001B10D7E30051F1E4 /* 未标题-2.png in Resources */,
				DCA448191B11D1110051F1E4 /* electric_guitar1.wav in Resources */,
				DCA447071B10D7E30051F1E4 /* m3.mp3 in Resources */,
				DCA446E91B10D7E30051F1E4 /* p12.png in Resources */,
				DCA446E71B10D7E30051F1E4 /* page4.png in Resources */,
				DCA446EB1B10D7E30051F1E4 /* p51.png in Resources */,
				DCA446F51B10D7E30051F1E4 /* p12.png in Resources */,
				DCA447511B11B0260051F1E4 /* ap7.png in Resources */,
				DCA447091B10D7E30051F1E4 /* m5.mp3 in Resources */,
				DCA446DC1B10D7E30051F1E4 /* p10.png in Resources */,
				DCA446EF1B10D7E30051F1E4 /* p12.png in Resources */,
				DCA4471A1B10D7E30051F1E4 /* pL2.png in Resources */,
				DCA4471D1B10D7E30051F1E4 /* pR1.png in Resources */,
				DCA4471E1B10D7E30051F1E4 /* pR2.png in Resources */,
				DCA4474B1B11B0260051F1E4 /* ap1.png in Resources */,
				DCA4481B1B11D1110051F1E4 /* electric_guitar3.wav in Resources */,
				DCA446E51B10D7E30051F1E4 /* z3.png in Resources */,
				DCA4481A1B11D1110051F1E4 /* electric_guitar2.wav in Resources */,
				DCA447521B11B0260051F1E4 /* ap8.png in Resources */,
				DCA447261B10DD030051F1E4 /* guitdo.wav in Resources */,
				DCA4471F1B10D7E30051F1E4 /* pR3.png in Resources */,
				DCA4464D1B106DBB0051F1E4 /* LaunchScreen.xib in Resources */,
				DCA447051B10D7E30051F1E4 /* m1.mp3 in Resources */,
				DCA4470B1B10D7E30051F1E4 /* m7.mp3 in Resources */,
				DCA446E31B10D7E30051F1E4 /* p12.png in Resources */,
				DCA4474E1B11B0260051F1E4 /* ap4.png in Resources */,
				DCA447201B10D7E30051F1E4 /* pR4.png in Resources */,
				DCA4464A1B106DBB0051F1E4 /* Images.xcassets in Resources */,
				DCA4472C1B11995E0051F1E4 /* Pause 2.png in Resources */,
				DCA446F21B10D7E30051F1E4 /* z1.png in Resources */,
				DCA446E01B10D7E30051F1E4 /* headphone3.png in Resources */,
				DCA4472D1B11995E0051F1E4 /* Play 2.png in Resources */,
				DCA447211B10D7E30051F1E4 /* R1.mp3 in Resources */,
				DCA447231B10D7E30051F1E4 /* R3.mp3 in Resources */,
				DCA447171B10D7E30051F1E4 /* L3.mp3 in Resources */,
				DCA447081B10D7E30051F1E4 /* m4.mp3 in Resources */,
				DCA446F01B10D7E30051F1E4 /* p51.png in Resources */,
				DCA4471C1B10D7E30051F1E4 /* pL4.png in Resources */,
				DCA447241B10D7E30051F1E4 /* R4.mp3 in Resources */,
				DCA447581B11BA6B0051F1E4 /* page8p8.png in Resources */,
				DCA4474F1B11B0260051F1E4 /* ap5.png in Resources */,
				DCA448171B11D1110051F1E4 /* bass_guitar3.wav in Resources */,
				DCA446F61B10D7E30051F1E4 /* p51.png in Resources */,
				DCA447561B11B28E0051F1E4 /* np5.png in Resources */,
				DCA447181B10D7E30051F1E4 /* L4.mp3 in Resources */,
				DCA4480B1B11CA7B0051F1E4 /* pagep9.png in Resources */,
				DCA4481C1B11D1110051F1E4 /* electric_guitar4.wav in Resources */,
				DCA446D91B10D7E30051F1E4 /* iTunesArtwork@2x.png in Resources */,
				DCA448161B11D1110051F1E4 /* bass_guitar2.wav in Resources */,
				DCA4475A1B11BB0C0051F1E4 /* page7p7.png in Resources */,
			);
			runOnlyForDeploymentPostprocessing = 0;
		};
		DCA446501B106DBB0051F1E4 /* Resources */ = {
			isa = PBXResourcesBuildPhase;
			buildActionMask = 2147483647;
			files = (
			);
			runOnlyForDeploymentPostprocessing = 0;
		};
/* End PBXResourcesBuildPhase section */

/* Begin PBXSourcesBuildPhase section */
		DCA446351B106DBB0051F1E4 /* Sources */ = {
			isa = PBXSourcesBuildPhase;
			buildActionMask = 2147483647;
			files = (
				DCA4467C1B1071FF0051F1E4 /* AudioEngine.m in Sources */,
				DCA4466E1B106F1C0051F1E4 /* BLEUtility.m in Sources */,
				DCA446451B106DBB0051F1E4 /* ViewController.m in Sources */,
				DCA4466F1B106F1C0051F1E4 /* DFBlunoDevice.m in Sources */,
				DCA4466D1B106F1C0051F1E4 /* BLEDevice.m in Sources */,
				DCA447601B11C1F40051F1E4 /* JZDragView.m in Sources */,
				DCA446701B106F1C0051F1E4 /* DFBlunoManager.m in Sources */,
				DCA446421B106DBB0051F1E4 /* AppDelegate.m in Sources */,
				DCA4463F1B106DBB0051F1E4 /* main.m in Sources */,
			);
			runOnlyForDeploymentPostprocessing = 0;
		};
		DCA4464E1B106DBB0051F1E4 /* Sources */ = {
			isa = PBXSourcesBuildPhase;
			buildActionMask = 2147483647;
			files = (
				DCA446591B106DBB0051F1E4 /* RemioBetaTests.m in Sources */,
			);
			runOnlyForDeploymentPostprocessing = 0;
		};
/* End PBXSourcesBuildPhase section */

/* Begin PBXTargetDependency section */
		DCA446541B106DBB0051F1E4 /* PBXTargetDependency */ = {
			isa = PBXTargetDependency;
			target = DCA446381B106DBB0051F1E4 /* RemioBeta */;
			targetProxy = DCA446531B106DBB0051F1E4 /* PBXContainerItemProxy */;
		};
/* End PBXTargetDependency section */

/* Begin PBXVariantGroup section */
		DCA446461B106DBB0051F1E4 /* Main.storyboard */ = {
			isa = PBXVariantGroup;
			children = (
				DCA446471B106DBB0051F1E4 /* Base */,
			);
			name = Main.storyboard;
			sourceTree = "<group>";
		};
		DCA4464B1B106DBB0051F1E4 /* LaunchScreen.xib */ = {
			isa = PBXVariantGroup;
			children = (
				DCA4464C1B106DBB0051F1E4 /* Base */,
			);
			name = LaunchScreen.xib;
			sourceTree = "<group>";
		};
/* End PBXVariantGroup section */

/* Begin XCBuildConfiguration section */
		DCA4465A1B106DBB0051F1E4 /* Debug */ = {
			isa = XCBuildConfiguration;
			buildSettings = {
				ALWAYS_SEARCH_USER_PATHS = NO;
				CLANG_CXX_LANGUAGE_STANDARD = "gnu++0x";
				CLANG_CXX_LIBRARY = "libc++";
				CLANG_ENABLE_MODULES = YES;
				CLANG_ENABLE_OBJC_ARC = YES;
				CLANG_WARN_BOOL_CONVERSION = YES;
				CLANG_WARN_CONSTANT_CONVERSION = YES;
				CLANG_WARN_DIRECT_OBJC_ISA_USAGE = YES_ERROR;
				CLANG_WARN_EMPTY_BODY = YES;
				CLANG_WARN_ENUM_CONVERSION = YES;
				CLANG_WARN_INT_CONVERSION = YES;
				CLANG_WARN_OBJC_ROOT_CLASS = YES_ERROR;
				CLANG_WARN_UNREACHABLE_CODE = YES;
				CLANG_WARN__DUPLICATE_METHOD_MATCH = YES;
				"CODE_SIGN_IDENTITY[sdk=iphoneos*]" = "iPhone Developer";
				COPY_PHASE_STRIP = NO;
				DEBUG_INFORMATION_FORMAT = "dwarf-with-dsym";
				ENABLE_STRICT_OBJC_MSGSEND = YES;
				GCC_C_LANGUAGE_STANDARD = gnu99;
				GCC_DYNAMIC_NO_PIC = NO;
				GCC_NO_COMMON_BLOCKS = YES;
				GCC_OPTIMIZATION_LEVEL = 0;
				GCC_PREPROCESSOR_DEFINITIONS = (
					"DEBUG=1",
					"$(inherited)",
				);
				GCC_SYMBOLS_PRIVATE_EXTERN = NO;
				GCC_WARN_64_TO_32_BIT_CONVERSION = YES;
				GCC_WARN_ABOUT_RETURN_TYPE = YES_ERROR;
				GCC_WARN_UNDECLARED_SELECTOR = YES;
				GCC_WARN_UNINITIALIZED_AUTOS = YES_AGGRESSIVE;
				GCC_WARN_UNUSED_FUNCTION = YES;
				GCC_WARN_UNUSED_VARIABLE = YES;
				IPHONEOS_DEPLOYMENT_TARGET = 8.3;
				MTL_ENABLE_DEBUG_INFO = YES;
				ONLY_ACTIVE_ARCH = YES;
				SDKROOT = iphoneos;
			};
			name = Debug;
		};
		DCA4465B1B106DBB0051F1E4 /* Release */ = {
			isa = XCBuildConfiguration;
			buildSettings = {
				ALWAYS_SEARCH_USER_PATHS = NO;
				CLANG_CXX_LANGUAGE_STANDARD = "gnu++0x";
				CLANG_CXX_LIBRARY = "libc++";
				CLANG_ENABLE_MODULES = YES;
				CLANG_ENABLE_OBJC_ARC = YES;
				CLANG_WARN_BOOL_CONVERSION = YES;
				CLANG_WARN_CONSTANT_CONVERSION = YES;
				CLANG_WARN_DIRECT_OBJC_ISA_USAGE = YES_ERROR;
				CLANG_WARN_EMPTY_BODY = YES;
				CLANG_WARN_ENUM_CONVERSION = YES;
				CLANG_WARN_INT_CONVERSION = YES;
				CLANG_WARN_OBJC_ROOT_CLASS = YES_ERROR;
				CLANG_WARN_UNREACHABLE_CODE = YES;
				CLANG_WARN__DUPLICATE_METHOD_MATCH = YES;
				"CODE_SIGN_IDENTITY[sdk=iphoneos*]" = "iPhone Developer";
				COPY_PHASE_STRIP = NO;
				DEBUG_INFORMATION_FORMAT = "dwarf-with-dsym";
				ENABLE_NS_ASSERTIONS = NO;
				ENABLE_STRICT_OBJC_MSGSEND = YES;
				GCC_C_LANGUAGE_STANDARD = gnu99;
				GCC_NO_COMMON_BLOCKS = YES;
				GCC_WARN_64_TO_32_BIT_CONVERSION = YES;
				GCC_WARN_ABOUT_RETURN_TYPE = YES_ERROR;
				GCC_WARN_UNDECLARED_SELECTOR = YES;
				GCC_WARN_UNINITIALIZED_AUTOS = YES_AGGRESSIVE;
				GCC_WARN_UNUSED_FUNCTION = YES;
				GCC_WARN_UNUSED_VARIABLE = YES;
				IPHONEOS_DEPLOYMENT_TARGET = 8.3;
				MTL_ENABLE_DEBUG_INFO = NO;
				SDKROOT = iphoneos;
				VALIDATE_PRODUCT = YES;
			};
			name = Release;
		};
		DCA4465D1B106DBB0051F1E4 /* Debug */ = {
			isa = XCBuildConfiguration;
			buildSettings = {
				ASSETCATALOG_COMPILER_APPICON_NAME = AppIcon;
				INFOPLIST_FILE = RemioBeta/Info.plist;
				IPHONEOS_DEPLOYMENT_TARGET = 8.1;
				LD_RUNPATH_SEARCH_PATHS = "$(inherited) @executable_path/Frameworks";
				PRODUCT_NAME = "$(TARGET_NAME)";
			};
			name = Debug;
		};
		DCA4465E1B106DBB0051F1E4 /* Release */ = {
			isa = XCBuildConfiguration;
			buildSettings = {
				ASSETCATALOG_COMPILER_APPICON_NAME = AppIcon;
				INFOPLIST_FILE = RemioBeta/Info.plist;
				IPHONEOS_DEPLOYMENT_TARGET = 8.1;
				LD_RUNPATH_SEARCH_PATHS = "$(inherited) @executable_path/Frameworks";
				PRODUCT_NAME = "$(TARGET_NAME)";
			};
			name = Release;
		};
		DCA446601B106DBB0051F1E4 /* Debug */ = {
			isa = XCBuildConfiguration;
			buildSettings = {
				BUNDLE_LOADER = "$(TEST_HOST)";
				FRAMEWORK_SEARCH_PATHS = (
					"$(SDKROOT)/Developer/Library/Frameworks",
					"$(inherited)",
				);
				GCC_PREPROCESSOR_DEFINITIONS = (
					"DEBUG=1",
					"$(inherited)",
				);
				INFOPLIST_FILE = RemioBetaTests/Info.plist;
				LD_RUNPATH_SEARCH_PATHS = "$(inherited) @executable_path/Frameworks @loader_path/Frameworks";
				PRODUCT_NAME = "$(TARGET_NAME)";
				TEST_HOST = "$(BUILT_PRODUCTS_DIR)/RemioBeta.app/RemioBeta";
			};
			name = Debug;
		};
		DCA446611B106DBB0051F1E4 /* Release */ = {
			isa = XCBuildConfiguration;
			buildSettings = {
				BUNDLE_LOADER = "$(TEST_HOST)";
				FRAMEWORK_SEARCH_PATHS = (
					"$(SDKROOT)/Developer/Library/Frameworks",
					"$(inherited)",
				);
				INFOPLIST_FILE = RemioBetaTests/Info.plist;
				LD_RUNPATH_SEARCH_PATHS = "$(inherited) @executable_path/Frameworks @loader_path/Frameworks";
				PRODUCT_NAME = "$(TARGET_NAME)";
				TEST_HOST = "$(BUILT_PRODUCTS_DIR)/RemioBeta.app/RemioBeta";
			};
			name = Release;
		};
/* End XCBuildConfiguration section */

/* Begin XCConfigurationList section */
		DCA446341B106DBB0051F1E4 /* Build configuration list for PBXProject "RemioBeta" */ = {
			isa = XCConfigurationList;
			buildConfigurations = (
				DCA4465A1B106DBB0051F1E4 /* Debug */,
				DCA4465B1B106DBB0051F1E4 /* Release */,
			);
			defaultConfigurationIsVisible = 0;
			defaultConfigurationName = Release;
		};
		DCA4465C1B106DBB0051F1E4 /* Build configuration list for PBXNativeTarget "RemioBeta" */ = {
			isa = XCConfigurationList;
			buildConfigurations = (
				DCA4465D1B106DBB0051F1E4 /* Debug */,
				DCA4465E1B106DBB0051F1E4 /* Release */,
			);
			defaultConfigurationIsVisible = 0;
			defaultConfigurationName = Release;
		};
		DCA4465F1B106DBB0051F1E4 /* Build configuration list for PBXNativeTarget "RemioBetaTests" */ = {
			isa = XCConfigurationList;
			buildConfigurations = (
				DCA446601B106DBB0051F1E4 /* Debug */,
				DCA446611B106DBB0051F1E4 /* Release */,
			);
			defaultConfigurationIsVisible = 0;
			defaultConfigurationName = Release;
		};
/* End XCConfigurationList section */
	};
	rootObject = DCA446311B106DBB0051F1E4 /* Project object */;
}
